// !$*UTF8*$!
{
	archiveVersion = 1;
	classes = {
	};
	objectVersion = 46;
	objects = {

/* Begin PBXBuildFile section */
		044B90DA1DBF49A700238C64 /* main.m in Sources */ = {isa = PBXBuildFile; fileRef = 044B90D91DBF49A700238C64 /* main.m */; };
		044B90DD1DBF49A700238C64 /* AppDelegate.m in Sources */ = {isa = PBXBuildFile; fileRef = 044B90DC1DBF49A700238C64 /* AppDelegate.m */; };
		044B90E01DBF49A700238C64 /* ViewController.m in Sources */ = {isa = PBXBuildFile; fileRef = 044B90DF1DBF49A700238C64 /* ViewController.m */; };
		044B90E31DBF49A700238C64 /* Main.storyboard in Resources */ = {isa = PBXBuildFile; fileRef = 044B90E11DBF49A700238C64 /* Main.storyboard */; };
		044B90E51DBF49A700238C64 /* Assets.xcassets in Resources */ = {isa = PBXBuildFile; fileRef = 044B90E41DBF49A700238C64 /* Assets.xcassets */; };
		044B90E81DBF49A700238C64 /* LaunchScreen.storyboard in Resources */ = {isa = PBXBuildFile; fileRef = 044B90E61DBF49A700238C64 /* LaunchScreen.storyboard */; };
		044B90F31DBF49A700238C64 /* _17___MJRefreshUITests.m in Sources */ = {isa = PBXBuildFile; fileRef = 044B90F21DBF49A700238C64 /* _17___MJRefreshUITests.m */; };
		9A852B490249D66E0C50ADAA /* libPods-017-  MJRefresh.a in Frameworks */ = {isa = PBXBuildFile; fileRef = AC4A4FCA75E2D9AC39C7220E /* libPods-017-  MJRefresh.a */; };
		B186D5B50A26CDCC1D1770E7 /* libPods-017-  MJRefreshUITests.a in Frameworks */ = {isa = PBXBuildFile; fileRef = 2246507700CE1DF3B76E4682 /* libPods-017-  MJRefreshUITests.a */; };
/* End PBXBuildFile section */

/* Begin PBXContainerItemProxy section */
		044B90EF1DBF49A700238C64 /* PBXContainerItemProxy */ = {
			isa = PBXContainerItemProxy;
			containerPortal = 044B90CD1DBF49A700238C64 /* Project object */;
			proxyType = 1;
			remoteGlobalIDString = 044B90D41DBF49A700238C64;
			remoteInfo = "017-  MJRefresh";
		};
/* End PBXContainerItemProxy section */

/* Begin PBXFileReference section */
		027A79B69034E35D3F2A7080 /* Pods-017-  MJRefresh.release.xcconfig */ = {isa = PBXFileReference; includeInIndex = 1; lastKnownFileType = text.xcconfig; name = "Pods-017-  MJRefresh.release.xcconfig"; path = "Pods/Target Support Files/Pods-017-  MJRefresh/Pods-017-  MJRefresh.release.xcconfig"; sourceTree = "<group>"; };
		044B90D51DBF49A700238C64 /* 017-  MJRefresh.app */ = {isa = PBXFileReference; explicitFileType = wrapper.application; includeInIndex = 0; path = "017-  MJRefresh.app"; sourceTree = BUILT_PRODUCTS_DIR; };
		044B90D91DBF49A700238C64 /* main.m */ = {isa = PBXFileReference; lastKnownFileType = sourcecode.c.objc; path = main.m; sourceTree = "<group>"; };
		044B90DB1DBF49A700238C64 /* AppDelegate.h */ = {isa = PBXFileReference; lastKnownFileType = sourcecode.c.h; path = AppDelegate.h; sourceTree = "<group>"; };
		044B90DC1DBF49A700238C64 /* AppDelegate.m */ = {isa = PBXFileReference; lastKnownFileType = sourcecode.c.objc; path = AppDelegate.m; sourceTree = "<group>"; };
		044B90DE1DBF49A700238C64 /* ViewController.h */ = {isa = PBXFileReference; lastKnownFileType = sourcecode.c.h; path = ViewController.h; sourceTree = "<group>"; };
		044B90DF1DBF49A700238C64 /* ViewController.m */ = {isa = PBXFileReference; lastKnownFileType = sourcecode.c.objc; path = ViewController.m; sourceTree = "<group>"; };
		044B90E21DBF49A700238C64 /* Base */ = {isa = PBXFileReference; lastKnownFileType = file.storyboard; name = Base; path = Base.lproj/Main.storyboard; sourceTree = "<group>"; };
		044B90E41DBF49A700238C64 /* Assets.xcassets */ = {isa = PBXFileReference; lastKnownFileType = folder.assetcatalog; path = Assets.xcassets; sourceTree = "<group>"; };
		044B90E71DBF49A700238C64 /* Base */ = {isa = PBXFileReference; lastKnownFileType = file.storyboard; name = Base; path = Base.lproj/LaunchScreen.storyboard; sourceTree = "<group>"; };
		044B90E91DBF49A700238C64 /* Info.plist */ = {isa = PBXFileReference; lastKnownFileType = text.plist.xml; path = Info.plist; sourceTree = "<group>"; };
		044B90EE1DBF49A700238C64 /* 017-  MJRefreshUITests.xctest */ = {isa = PBXFileReference; explicitFileType = wrapper.cfbundle; includeInIndex = 0; path = "017-  MJRefreshUITests.xctest"; sourceTree = BUILT_PRODUCTS_DIR; };
		044B90F21DBF49A700238C64 /* _17___MJRefreshUITests.m */ = {isa = PBXFileReference; lastKnownFileType = sourcecode.c.objc; path = "_17___MJRefreshUITests.m"; sourceTree = "<group>"; };
		044B90F41DBF49A700238C64 /* Info.plist */ = {isa = PBXFileReference; lastKnownFileType = text.plist.xml; path = Info.plist; sourceTree = "<group>"; };
		0E5B0D4182E4ECF200FBB07E /* Pods-017-  MJRefresh.debug.xcconfig */ = {isa = PBXFileReference; includeInIndex = 1; lastKnownFileType = text.xcconfig; name = "Pods-017-  MJRefresh.debug.xcconfig"; path = "Pods/Target Support Files/Pods-017-  MJRefresh/Pods-017-  MJRefresh.debug.xcconfig"; sourceTree = "<group>"; };
		2246507700CE1DF3B76E4682 /* libPods-017-  MJRefreshUITests.a */ = {isa = PBXFileReference; explicitFileType = archive.ar; includeInIndex = 0; path = "libPods-017-  MJRefreshUITests.a"; sourceTree = BUILT_PRODUCTS_DIR; };
		5C6EF3D67C540FD1C570BB1F /* Pods-017-  MJRefreshUITests.debug.xcconfig */ = {isa = PBXFileReference; includeInIndex = 1; lastKnownFileType = text.xcconfig; name = "Pods-017-  MJRefreshUITests.debug.xcconfig"; path = "Pods/Target Support Files/Pods-017-  MJRefreshUITests/Pods-017-  MJRefreshUITests.debug.xcconfig"; sourceTree = "<group>"; };
		AC4A4FCA75E2D9AC39C7220E /* libPods-017-  MJRefresh.a */ = {isa = PBXFileReference; explicitFileType = archive.ar; includeInIndex = 0; path = "libPods-017-  MJRefresh.a"; sourceTree = BUILT_PRODUCTS_DIR; };
		D4EB31FDC01EC10A58BDE3DC /* Pods-017-  MJRefreshUITests.release.xcconfig */ = {isa = PBXFileReference; includeInIndex = 1; lastKnownFileType = text.xcconfig; name = "Pods-017-  MJRefreshUITests.release.xcconfig"; path = "Pods/Target Support Files/Pods-017-  MJRefreshUITests/Pods-017-  MJRefreshUITests.release.xcconfig"; sourceTree = "<group>"; };
/* End PBXFileReference section */

/* Begin PBXFrameworksBuildPhase section */
		044B90D21DBF49A700238C64 /* Frameworks */ = {
			isa = PBXFrameworksBuildPhase;
			buildActionMask = 2147483647;
			files = (
				9A852B490249D66E0C50ADAA /* libPods-017-  MJRefresh.a in Frameworks */,
			);
			runOnlyForDeploymentPostprocessing = 0;
		};
		044B90EB1DBF49A700238C64 /* Frameworks */ = {
			isa = PBXFrameworksBuildPhase;
			buildActionMask = 2147483647;
			files = (
				B186D5B50A26CDCC1D1770E7 /* libPods-017-  MJRefreshUITests.a in Frameworks */,
			);
			runOnlyForDeploymentPostprocessing = 0;
		};
/* End PBXFrameworksBuildPhase section */

/* Begin PBXGroup section */
		044B90CC1DBF49A700238C64 = {
			isa = PBXGroup;
			children = (
				044B90D71DBF49A700238C64 /* 017-  MJRefresh */,
				044B90F11DBF49A700238C64 /* 017-  MJRefreshUITests */,
				044B90D61DBF49A700238C64 /* Products */,
				E45EB43DFC089D19AA57B7A9 /* Pods */,
				174023ED7C099086A0CCDBC8 /* Frameworks */,
			);
			sourceTree = "<group>";
		};
		044B90D61DBF49A700238C64 /* Products */ = {
			isa = PBXGroup;
			children = (
				044B90D51DBF49A700238C64 /* 017-  MJRefresh.app */,
				044B90EE1DBF49A700238C64 /* 017-  MJRefreshUITests.xctest */,
			);
			name = Products;
			sourceTree = "<group>";
		};
		044B90D71DBF49A700238C64 /* 017-  MJRefresh */ = {
			isa = PBXGroup;
			children = (
				044B90DB1DBF49A700238C64 /* AppDelegate.h */,
				044B90DC1DBF49A700238C64 /* AppDelegate.m */,
				044B90DE1DBF49A700238C64 /* ViewController.h */,
				044B90DF1DBF49A700238C64 /* ViewController.m */,
				044B90E11DBF49A700238C64 /* Main.storyboard */,
				044B90E41DBF49A700238C64 /* Assets.xcassets */,
				044B90E61DBF49A700238C64 /* LaunchScreen.storyboard */,
				044B90E91DBF49A700238C64 /* Info.plist */,
				044B90D81DBF49A700238C64 /* Supporting Files */,
			);
			path = "017-  MJRefresh";
			sourceTree = "<group>";
		};
		044B90D81DBF49A700238C64 /* Supporting Files */ = {
			isa = PBXGroup;
			children = (
				044B90D91DBF49A700238C64 /* main.m */,
			);
			name = "Supporting Files";
			sourceTree = "<group>";
		};
		044B90F11DBF49A700238C64 /* 017-  MJRefreshUITests */ = {
			isa = PBXGroup;
			children = (
				044B90F21DBF49A700238C64 /* _17___MJRefreshUITests.m */,
				044B90F41DBF49A700238C64 /* Info.plist */,
			);
			path = "017-  MJRefreshUITests";
			sourceTree = "<group>";
		};
		174023ED7C099086A0CCDBC8 /* Frameworks */ = {
			isa = PBXGroup;
			children = (
				AC4A4FCA75E2D9AC39C7220E /* libPods-017-  MJRefresh.a */,
				2246507700CE1DF3B76E4682 /* libPods-017-  MJRefreshUITests.a */,
			);
			name = Frameworks;
			sourceTree = "<group>";
		};
		E45EB43DFC089D19AA57B7A9 /* Pods */ = {
			isa = PBXGroup;
			children = (
				0E5B0D4182E4ECF200FBB07E /* Pods-017-  MJRefresh.debug.xcconfig */,
				027A79B69034E35D3F2A7080 /* Pods-017-  MJRefresh.release.xcconfig */,
				5C6EF3D67C540FD1C570BB1F /* Pods-017-  MJRefreshUITests.debug.xcconfig */,
				D4EB31FDC01EC10A58BDE3DC /* Pods-017-  MJRefreshUITests.release.xcconfig */,
			);
			name = Pods;
			sourceTree = "<group>";
		};
/* End PBXGroup section */

/* Begin PBXNativeTarget section */
		044B90D41DBF49A700238C64 /* 017-  MJRefresh */ = {
			isa = PBXNativeTarget;
			buildConfigurationList = 044B90F71DBF49A700238C64 /* Build configuration list for PBXNativeTarget "017-  MJRefresh" */;
			buildPhases = (
				91F0A32212EE7FCADCAB4947 /* [CP] Check Pods Manifest.lock */,
				044B90D11DBF49A700238C64 /* Sources */,
				044B90D21DBF49A700238C64 /* Frameworks */,
				044B90D31DBF49A700238C64 /* Resources */,
				B8BD2D392FD66AE411B7D88F /* [CP] Embed Pods Frameworks */,
				166B13C842CC6B36CEFE4C7F /* [CP] Copy Pods Resources */,
			);
			buildRules = (
			);
			dependencies = (
			);
			name = "017-  MJRefresh";
			productName = "017-  MJRefresh";
			productReference = 044B90D51DBF49A700238C64 /* 017-  MJRefresh.app */;
			productType = "com.apple.product-type.application";
		};
		044B90ED1DBF49A700238C64 /* 017-  MJRefreshUITests */ = {
			isa = PBXNativeTarget;
			buildConfigurationList = 044B90FA1DBF49A700238C64 /* Build configuration list for PBXNativeTarget "017-  MJRefreshUITests" */;
			buildPhases = (
				8BCA1D5226A7FFD711837DA4 /* [CP] Check Pods Manifest.lock */,
				044B90EA1DBF49A700238C64 /* Sources */,
				044B90EB1DBF49A700238C64 /* Frameworks */,
				044B90EC1DBF49A700238C64 /* Resources */,
				E4017E98E2906127E09039DA /* [CP] Copy Pods Resources */,
			);
			buildRules = (
			);
			dependencies = (
				044B90F01DBF49A700238C64 /* PBXTargetDependency */,
			);
			name = "017-  MJRefreshUITests";
			productName = "017-  MJRefreshUITests";
			productReference = 044B90EE1DBF49A700238C64 /* 017-  MJRefreshUITests.xctest */;
			productType = "com.apple.product-type.bundle.ui-testing";
		};
/* End PBXNativeTarget section */

/* Begin PBXProject section */
		044B90CD1DBF49A700238C64 /* Project object */ = {
			isa = PBXProject;
			attributes = {
				LastUpgradeCheck = 0800;
				ORGANIZATIONNAME = mac;
				TargetAttributes = {
					044B90D41DBF49A700238C64 = {
						CreatedOnToolsVersion = 8.0;
						ProvisioningStyle = Automatic;
					};
					044B90ED1DBF49A700238C64 = {
						CreatedOnToolsVersion = 8.0;
						ProvisioningStyle = Automatic;
						TestTargetID = 044B90D41DBF49A700238C64;
					};
				};
			};
			buildConfigurationList = 044B90D01DBF49A700238C64 /* Build configuration list for PBXProject "017-  MJRefresh" */;
			compatibilityVersion = "Xcode 3.2";
			developmentRegion = English;
			hasScannedForEncodings = 0;
			knownRegions = (
				en,
				Base,
			);
			mainGroup = 044B90CC1DBF49A700238C64;
			productRefGroup = 044B90D61DBF49A700238C64 /* Products */;
			projectDirPath = "";
			projectRoot = "";
			targets = (
				044B90D41DBF49A700238C64 /* 017-  MJRefresh */,
				044B90ED1DBF49A700238C64 /* 017-  MJRefreshUITests */,
			);
		};
/* End PBXProject section */

/* Begin PBXResourcesBuildPhase section */
		044B90D31DBF49A700238C64 /* Resources */ = {
			isa = PBXResourcesBuildPhase;
			buildActionMask = 2147483647;
			files = (
				044B90E81DBF49A700238C64 /* LaunchScreen.storyboard in Resources */,
				044B90E51DBF49A700238C64 /* Assets.xcassets in Resources */,
				044B90E31DBF49A700238C64 /* Main.storyboard in Resources */,
			);
			runOnlyForDeploymentPostprocessing = 0;
		};
		044B90EC1DBF49A700238C64 /* Resources */ = {
			isa = PBXResourcesBuildPhase;
			buildActionMask = 2147483647;
			files = (
			);
			runOnlyForDeploymentPostprocessing = 0;
		};
/* End PBXResourcesBuildPhase section */

/* Begin PBXShellScriptBuildPhase section */
		166B13C842CC6B36CEFE4C7F /* [CP] Copy Pods Resources */ = {
			isa = PBXShellScriptBuildPhase;
			buildActionMask = 2147483647;
			files = (
			);
			inputPaths = (
			);
			name = "[CP] Copy Pods Resources";
			outputPaths = (
			);
			runOnlyForDeploymentPostprocessing = 0;
			shellPath = /bin/sh;
			shellScript = "\"${SRCROOT}/Pods/Target Support Files/Pods-017-  MJRefresh/Pods-017-  MJRefresh-resources.sh\"\n";
			showEnvVarsInLog = 0;
		};
		8BCA1D5226A7FFD711837DA4 /* [CP] Check Pods Manifest.lock */ = {
			isa = PBXShellScriptBuildPhase;
			buildActionMask = 2147483647;
			files = (
			);
			inputPaths = (
			);
			name = "[CP] Check Pods Manifest.lock";
			outputPaths = (
			);
			runOnlyForDeploymentPostprocessing = 0;
			shellPath = /bin/sh;
			shellScript = "diff \"${PODS_ROOT}/../Podfile.lock\" \"${PODS_ROOT}/Manifest.lock\" > /dev/null\nif [[ $? != 0 ]] ; then\n    cat << EOM\nerror: The sandbox is not in sync with the Podfile.lock. Run 'pod install' or update your CocoaPods installation.\nEOM\n    exit 1\nfi\n";
			showEnvVarsInLog = 0;
		};
		91F0A32212EE7FCADCAB4947 /* [CP] Check Pods Manifest.lock */ = {
			isa = PBXShellScriptBuildPhase;
			buildActionMask = 2147483647;
			files = (
			);
			inputPaths = (
			);
			name = "[CP] Check Pods Manifest.lock";
			outputPaths = (
			);
			runOnlyForDeploymentPostprocessing = 0;
			shellPath = /bin/sh;
			shellScript = "diff \"${PODS_ROOT}/../Podfile.lock\" \"${PODS_ROOT}/Manifest.lock\" > /dev/null\nif [[ $? != 0 ]] ; then\n    cat << EOM\nerror: The sandbox is not in sync with the Podfile.lock. Run 'pod install' or update your CocoaPods installation.\nEOM\n    exit 1\nfi\n";
			showEnvVarsInLog = 0;
		};
		B8BD2D392FD66AE411B7D88F /* [CP] Embed Pods Frameworks */ = {
			isa = PBXShellScriptBuildPhase;
			buildActionMask = 2147483647;
			files = (
			);
			inputPaths = (
			);
			name = "[CP] Embed Pods Frameworks";
			outputPaths = (
			);
			runOnlyForDeploymentPostprocessing = 0;
			shellPath = /bin/sh;
			shellScript = "\"${SRCROOT}/Pods/Target Support Files/Pods-017-  MJRefresh/Pods-017-  MJRefresh-frameworks.sh\"\n";
			showEnvVarsInLog = 0;
		};
		E4017E98E2906127E09039DA /* [CP] Copy Pods Resources */ = {
			isa = PBXShellScriptBuildPhase;
			buildActionMask = 2147483647;
			files = (
			);
			inputPaths = (
			);
			name = "[CP] Copy Pods Resources";
			outputPaths = (
			);
			runOnlyForDeploymentPostprocessing = 0;
			shellPath = /bin/sh;
			shellScript = "\"${SRCROOT}/Pods/Target Support Files/Pods-017-  MJRefreshUITests/Pods-017-  MJRefreshUITests-resources.sh\"\n";
			showEnvVarsInLog = 0;
		};
/* End PBXShellScriptBuildPhase section */

/* Begin PBXSourcesBuildPhase section */
		044B90D11DBF49A700238C64 /* Sources */ = {
			isa = PBXSourcesBuildPhase;
			buildActionMask = 2147483647;
			files = (
				044B90E01DBF49A700238C64 /* ViewController.m in Sources */,
				044B90DD1DBF49A700238C64 /* AppDelegate.m in Sources */,
				044B90DA1DBF49A700238C64 /* main.m in Sources */,
			);
			runOnlyForDeploymentPostprocessing = 0;
		};
		044B90EA1DBF49A700238C64 /* Sources */ = {
			isa = PBXSourcesBuildPhase;
			buildActionMask = 2147483647;
			files = (
				044B90F31DBF49A700238C64 /* _17___MJRefreshUITests.m in Sources */,
			);
			runOnlyForDeploymentPostprocessing = 0;
		};
/* End PBXSourcesBuildPhase section */

/* Begin PBXTargetDependency section */
		044B90F01DBF49A700238C64 /* PBXTargetDependency */ = {
			isa = PBXTargetDependency;
			target = 044B90D41DBF49A700238C64 /* 017-  MJRefresh */;
			targetProxy = 044B90EF1DBF49A700238C64 /* PBXContainerItemProxy */;
		};
/* End PBXTargetDependency section */

/* Begin PBXVariantGroup section */
		044B90E11DBF49A700238C64 /* Main.storyboard */ = {
			isa = PBXVariantGroup;
			children = (
				044B90E21DBF49A700238C64 /* Base */,
			);
			name = Main.storyboard;
			sourceTree = "<group>";
		};
		044B90E61DBF49A700238C64 /* LaunchScreen.storyboard */ = {
			isa = PBXVariantGroup;
			children = (
				044B90E71DBF49A700238C64 /* Base */,
			);
			name = LaunchScreen.storyboard;
			sourceTree = "<group>";
		};
/* End PBXVariantGroup section */

/* Begin XCBuildConfiguration section */
		044B90F51DBF49A700238C64 /* Debug */ = {
			isa = XCBuildConfiguration;
			buildSettings = {
				ALWAYS_SEARCH_USER_PATHS = NO;
				CLANG_ANALYZER_NONNULL = YES;
				CLANG_CXX_LANGUAGE_STANDARD = "gnu++0x";
				CLANG_CXX_LIBRARY = "libc++";
				CLANG_ENABLE_MODULES = YES;
				CLANG_ENABLE_OBJC_ARC = YES;
				CLANG_WARN_BOOL_CONVERSION = YES;
				CLANG_WARN_CONSTANT_CONVERSION = YES;
				CLANG_WARN_DIRECT_OBJC_ISA_USAGE = YES_ERROR;
				CLANG_WARN_DOCUMENTATION_COMMENTS = YES;
				CLANG_WARN_EMPTY_BODY = YES;
				CLANG_WARN_ENUM_CONVERSION = YES;
				CLANG_WARN_INFINITE_RECURSION = YES;
				CLANG_WARN_INT_CONVERSION = YES;
				CLANG_WARN_OBJC_ROOT_CLASS = YES_ERROR;
				CLANG_WARN_SUSPICIOUS_MOVES = YES;
				CLANG_WARN_UNREACHABLE_CODE = YES;
				CLANG_WARN__DUPLICATE_METHOD_MATCH = YES;
				"CODE_SIGN_IDENTITY[sdk=iphoneos*]" = "iPhone Developer";
				COPY_PHASE_STRIP = NO;
				DEBUG_INFORMATION_FORMAT = dwarf;
				ENABLE_STRICT_OBJC_MSGSEND = YES;
				ENABLE_TESTABILITY = YES;
				GCC_C_LANGUAGE_STANDARD = gnu99;
				GCC_DYNAMIC_NO_PIC = NO;
				GCC_NO_COMMON_BLOCKS = YES;
				GCC_OPTIMIZATION_LEVEL = 0;
				GCC_PREPROCESSOR_DEFINITIONS = (
					"DEBUG=1",
					"$(inherited)",
				);
				GCC_WARN_64_TO_32_BIT_CONVERSION = YES;
				GCC_WARN_ABOUT_RETURN_TYPE = YES_ERROR;
				GCC_WARN_UNDECLARED_SELECTOR = YES;
				GCC_WARN_UNINITIALIZED_AUTOS = YES_AGGRESSIVE;
				GCC_WARN_UNUSED_FUNCTION = YES;
				GCC_WARN_UNUSED_VARIABLE = YES;
				IPHONEOS_DEPLOYMENT_TARGET = 10.0;
				MTL_ENABLE_DEBUG_INFO = YES;
				ONLY_ACTIVE_ARCH = YES;
				SDKROOT = iphoneos;
			};
			name = Debug;
		};
		044B90F61DBF49A700238C64 /* Release */ = {
			isa = XCBuildConfiguration;
			buildSettings = {
				ALWAYS_SEARCH_USER_PATHS = NO;
				CLANG_ANALYZER_NONNULL = YES;
				CLANG_CXX_LANGUAGE_STANDARD = "gnu++0x";
				CLANG_CXX_LIBRARY = "libc++";
				CLANG_ENABLE_MODULES = YES;
				CLANG_ENABLE_OBJC_ARC = YES;
				CLANG_WARN_BOOL_CONVERSION = YES;
				CLANG_WARN_CONSTANT_CONVERSION = YES;
				CLANG_WARN_DIRECT_OBJC_ISA_USAGE = YES_ERROR;
				CLANG_WARN_DOCUMENTATION_COMMENTS = YES;
				CLANG_WARN_EMPTY_BODY = YES;
				CLANG_WARN_ENUM_CONVERSION = YES;
				CLANG_WARN_INFINITE_RECURSION = YES;
				CLANG_WARN_INT_CONVERSION = YES;
				CLANG_WARN_OBJC_ROOT_CLASS = YES_ERROR;
				CLANG_WARN_SUSPICIOUS_MOVES = YES;
				CLANG_WARN_UNREACHABLE_CODE = YES;
				CLANG_WARN__DUPLICATE_METHOD_MATCH = YES;
				"CODE_SIGN_IDENTITY[sdk=iphoneos*]" = "iPhone Developer";
				COPY_PHASE_STRIP = NO;
				DEBUG_INFORMATION_FORMAT = "dwarf-with-dsym";
				ENABLE_NS_ASSERTIONS = NO;
				ENABLE_STRICT_OBJC_MSGSEND = YES;
				GCC_C_LANGUAGE_STANDARD = gnu99;
				GCC_NO_COMMON_BLOCKS = YES;
				GCC_WARN_64_TO_32_BIT_CONVERSION = YES;
				GCC_WARN_ABOUT_RETURN_TYPE = YES_ERROR;
				GCC_WARN_UNDECLARED_SELECTOR = YES;
				GCC_WARN_UNINITIALIZED_AUTOS = YES_AGGRESSIVE;
				GCC_WARN_UNUSED_FUNCTION = YES;
				GCC_WARN_UNUSED_VARIABLE = YES;
				IPHONEOS_DEPLOYMENT_TARGET = 10.0;
				MTL_ENABLE_DEBUG_INFO = NO;
				SDKROOT = iphoneos;
				VALIDATE_PRODUCT = YES;
			};
			name = Release;
		};
		044B90F81DBF49A700238C64 /* Debug */ = {
			isa = XCBuildConfiguration;
			baseConfigurationReference = 0E5B0D4182E4ECF200FBB07E /* Pods-017-  MJRefresh.debug.xcconfig */;
			buildSettings = {
				ASSETCATALOG_COMPILER_APPICON_NAME = AppIcon;
				INFOPLIST_FILE = "017-  MJRefresh/Info.plist";
				LD_RUNPATH_SEARCH_PATHS = "$(inherited) @executable_path/Frameworks";
				PRODUCT_BUNDLE_IDENTIFIER = "guxuefei.-17---MJRefresh";
				PRODUCT_NAME = "$(TARGET_NAME)";
			};
			name = Debug;
		};
		044B90F91DBF49A700238C64 /* Release */ = {
			isa = XCBuildConfiguration;
			baseConfigurationReference = 027A79B69034E35D3F2A7080 /* Pods-017-  MJRefresh.release.xcconfig */;
			buildSettings = {
				ASSETCATALOG_COMPILER_APPICON_NAME = AppIcon;
				INFOPLIST_FILE = "017-  MJRefresh/Info.plist";
				LD_RUNPATH_SEARCH_PATHS = "$(inherited) @executable_path/Frameworks";
				PRODUCT_BUNDLE_IDENTIFIER = "guxuefei.-17---MJRefresh";
				PRODUCT_NAME = "$(TARGET_NAME)";
			};
			name = Release;
		};
		044B90FB1DBF49A700238C64 /* Debug */ = {
			isa = XCBuildConfiguration;
			baseConfigurationReference = 5C6EF3D67C540FD1C570BB1F /* Pods-017-  MJRefreshUITests.debug.xcconfig */;
			buildSettings = {
				INFOPLIST_FILE = "017-  MJRefreshUITests/Info.plist";
				LD_RUNPATH_SEARCH_PATHS = "$(inherited) @executable_path/Frameworks @loader_path/Frameworks";
				PRODUCT_BUNDLE_IDENTIFIER = "guxuefei.-17---MJRefreshUITests";
				PRODUCT_NAME = "$(TARGET_NAME)";
				TEST_TARGET_NAME = "017-  MJRefresh";
			};
			name = Debug;
		};
		044B90FC1DBF49A700238C64 /* Release */ = {
			isa = XCBuildConfiguration;
			baseConfigurationReference = D4EB31FDC01EC10A58BDE3DC /* Pods-017-  MJRefreshUITests.release.xcconfig */;
			buildSettings = {
				INFOPLIST_FILE = "017-  MJRefreshUITests/Info.plist";
				LD_RUNPATH_SEARCH_PATHS = "$(inherited) @executable_path/Frameworks @loader_path/Frameworks";
				PRODUCT_BUNDLE_IDENTIFIER = "guxuefei.-17---MJRefreshUITests";
				PRODUCT_NAME = "$(TARGET_NAME)";
				TEST_TARGET_NAME = "017-  MJRefresh";
			};
			name = Release;
		};
/* End XCBuildConfiguration section */

/* Begin XCConfigurationList section */
		044B90D01DBF49A700238C64 /* Build configuration list for PBXProject "017-  MJRefresh" */ = {
			isa = XCConfigurationList;
			buildConfigurations = (
				044B90F51DBF49A700238C64 /* Debug */,
				044B90F61DBF49A700238C64 /* Release */,
			);
			defaultConfigurationIsVisible = 0;
			defaultConfigurationName = Release;
		};
		044B90F71DBF49A700238C64 /* Build configuration list for PBXNativeTarget "017-  MJRefresh" */ = {
			isa = XCConfigurationList;
			buildConfigurations = (
				044B90F81DBF49A700238C64 /* Debug */,
				044B90F91DBF49A700238C64 /* Release */,
			);
			defaultConfigurationIsVisible = 0;
			defaultConfigurationName = Release;
		};
		044B90FA1DBF49A700238C64 /* Build configuration list for PBXNativeTarget "017-  MJRefreshUITests" */ = {
			isa = XCConfigurationList;
			buildConfigurations = (
				044B90FB1DBF49A700238C64 /* Debug */,
				044B90FC1DBF49A700238C64 /* Release */,
			);
			defaultConfigurationIsVisible = 0;
			defaultConfigurationName = Release;
		};
/* End XCConfigurationList section */
	};
	rootObject = 044B90CD1DBF49A700238C64 /* Project object */;
}
